PODS:
  - Alamofire (4.8.2)
  - CHIPageControl (0.1.7):
    - CHIPageControl/Aji (= 0.1.7)
    - CHIPageControl/Aleppo (= 0.1.7)
    - CHIPageControl/Chimayo (= 0.1.7)
    - CHIPageControl/Fresno (= 0.1.7)
    - CHIPageControl/Jalapeno (= 0.1.7)
    - CHIPageControl/Jaloro (= 0.1.7)
    - CHIPageControl/Paprika (= 0.1.7)
    - CHIPageControl/Puya (= 0.1.7)
  - CHIPageControl/Aji (0.1.7)
  - CHIPageControl/Aleppo (0.1.7)
  - CHIPageControl/Chimayo (0.1.7)
  - CHIPageControl/Fresno (0.1.7)
  - CHIPageControl/Jalapeno (0.1.7)
  - CHIPageControl/Jaloro (0.1.7)
  - CHIPageControl/Paprika (0.1.7)
  - CHIPageControl/Puya (0.1.7)
  - IQKeyboardManagerSwift (6.4.0)
  - ListPlaceholder (1.4)
  - NVActivityIndicatorView (4.7.0):
    - NVActivityIndicatorView/Presenter (= 4.7.0)
  - NVActivityIndicatorView/Presenter (4.7.0)
  - ReachabilitySwift (4.3.1)
  - XLPagerTabStrip (9.0.0)

DEPENDENCIES:
  - Alamofire
  - CHIPageControl
  - IQKeyboardManagerSwift
  - ListPlaceholder
  - NVActivityIndicatorView
  - ReachabilitySwift
  - XLPagerTabStrip

SPEC REPOS:
  https://github.com/cocoapods/specs.git:
    - Alamofire
    - CHIPageControl
    - IQKeyboardManagerSwift
    - ListPlaceholder
    - NVActivityIndicatorView
    - ReachabilitySwift
    - XLPagerTabStrip

SPEC CHECKSUMS:
  Alamofire: ae5c501addb7afdbb13687d7f2f722c78734c2d3
  CHIPageControl: bbe1ddd0c688c02ec65b7f7e7d34551a3d16f37c
  IQKeyboardManagerSwift: ed9b04ee0e3067ffba543283462d619f944b05e5
  ListPlaceholder: 08ddaddf67520a20fc52cf37160fb56aa64d071d
  NVActivityIndicatorView: b19ddab2576f805cbe0fb2306cba3476e09a1dea
  ReachabilitySwift: 4032e2f59586e11e3b0ebe15b167abdd587a388b
  XLPagerTabStrip: 61c57fd61f611ee5f01ff1495ad6fbee8bf496c5

PODFILE CHECKSUM: 05160ef0250a9971f7f332d07cb18350481a7152

COCOAPODS: 1.7.2
