// !$*UTF8*$!
{
	archiveVersion = 1;
	classes = {
	};
	objectVersion = 51;
	objects = {

/* Begin PBXBuildFile section */
		4676FD7422C47A1F00BEF137 /* UITextField.swift in Sources */ = {isa = PBXBuildFile; fileRef = 4676FD7322C47A1F00BEF137 /* UITextField.swift */; };
		4676FD7622C4879E00BEF137 /* MyUserDefaults.swift in Sources */ = {isa = PBXBuildFile; fileRef = 4676FD7522C4879E00BEF137 /* MyUserDefaults.swift */; };
		4676FD8E22C48B1E00BEF137 /* CallingCodes.plist in Resources */ = {isa = PBXBuildFile; fileRef = 4676FD8D22C48B1E00BEF137 /* CallingCodes.plist */; };
		4676FD9222C48B8A00BEF137 /* Country.swift in Sources */ = {isa = PBXBuildFile; fileRef = 4676FD9122C48B8A00BEF137 /* Country.swift */; };
		4676FD9422C48B9000BEF137 /* CountryPicker.swift in Sources */ = {isa = PBXBuildFile; fileRef = 4676FD9322C48B9000BEF137 /* CountryPicker.swift */; };
		4676FD9822C48BC300BEF137 /* assets.bundle in Resources */ = {isa = PBXBuildFile; fileRef = 4676FD9722C48BC300BEF137 /* assets.bundle */; };
		4676FD9C22C4912400BEF137 /* String.swift in Sources */ = {isa = PBXBuildFile; fileRef = 4676FD9B22C4912400BEF137 /* String.swift */; };
		4676FD9E22C4914C00BEF137 /* Date.swift in Sources */ = {isa = PBXBuildFile; fileRef = 4676FD9D22C4914C00BEF137 /* Date.swift */; };
		4676FDA022C4916700BEF137 /* Double.swift in Sources */ = {isa = PBXBuildFile; fileRef = 4676FD9F22C4916700BEF137 /* Double.swift */; };
		4676FDA222C4919D00BEF137 /* Array.swift in Sources */ = {isa = PBXBuildFile; fileRef = 4676FDA122C4919D00BEF137 /* Array.swift */; };
		468B061F22CC84FB000C8492 /* AuthenticationPresenter.swift in Sources */ = {isa = PBXBuildFile; fileRef = 468B061E22CC84FB000C8492 /* AuthenticationPresenter.swift */; };
		468B062222CC8A0B000C8492 /* View.swift in Sources */ = {isa = PBXBuildFile; fileRef = 468B062122CC8A0B000C8492 /* View.swift */; };
		468B062522CCB1D2000C8492 /* View.xib in Resources */ = {isa = PBXBuildFile; fileRef = 468B062722CCB1D2000C8492 /* View.xib */; };
		46B5ABEA22C371A3002430FC /* AppDelegate.swift in Sources */ = {isa = PBXBuildFile; fileRef = 46B5ABE922C371A3002430FC /* AppDelegate.swift */; };
		46B5ABEC22C371A3002430FC /* ViewController.swift in Sources */ = {isa = PBXBuildFile; fileRef = 46B5ABEB22C371A3002430FC /* ViewController.swift */; };
		46B5ABEF22C371A3002430FC /* Main.storyboard in Resources */ = {isa = PBXBuildFile; fileRef = 46B5ABED22C371A3002430FC /* Main.storyboard */; };
		46B5ABF122C371A4002430FC /* Assets.xcassets in Resources */ = {isa = PBXBuildFile; fileRef = 46B5ABF022C371A4002430FC /* Assets.xcassets */; };
		46B5ABF422C371A4002430FC /* LaunchScreen.storyboard in Resources */ = {isa = PBXBuildFile; fileRef = 46B5ABF222C371A4002430FC /* LaunchScreen.storyboard */; };
		46B5AC0322C374E5002430FC /* Constants.swift in Sources */ = {isa = PBXBuildFile; fileRef = 46B5AC0222C374E5002430FC /* Constants.swift */; };
		46B5AC0522C37515002430FC /* Network.swift in Sources */ = {isa = PBXBuildFile; fileRef = 46B5AC0422C37515002430FC /* Network.swift */; };
		46B5AC0722C376F9002430FC /* UIViewController.swift in Sources */ = {isa = PBXBuildFile; fileRef = 46B5AC0622C376F9002430FC /* UIViewController.swift */; };
		46B5AC0922C37798002430FC /* UIView.swift in Sources */ = {isa = PBXBuildFile; fileRef = 46B5AC0822C37798002430FC /* UIView.swift */; };
		46B5AC0B22C37842002430FC /* Indicator.swift in Sources */ = {isa = PBXBuildFile; fileRef = 46B5AC0A22C37842002430FC /* Indicator.swift */; };
		B6F54CD58DFE0BB88C8F91FF /* Pods_DemoProject.framework in Frameworks */ = {isa = PBXBuildFile; fileRef = D7FC4CA9A52D0BEC1CF3C832 /* Pods_DemoProject.framework */; };
/* End PBXBuildFile section */

/* Begin PBXFileReference section */
		1BD2AA785BD26229ED357862 /* Pods-DemoProject.release.xcconfig */ = {isa = PBXFileReference; includeInIndex = 1; lastKnownFileType = text.xcconfig; name = "Pods-DemoProject.release.xcconfig"; path = "Target Support Files/Pods-DemoProject/Pods-DemoProject.release.xcconfig"; sourceTree = "<group>"; };
		4676FD7322C47A1F00BEF137 /* UITextField.swift */ = {isa = PBXFileReference; lastKnownFileType = sourcecode.swift; path = UITextField.swift; sourceTree = "<group>"; };
		4676FD7522C4879E00BEF137 /* MyUserDefaults.swift */ = {isa = PBXFileReference; lastKnownFileType = sourcecode.swift; path = MyUserDefaults.swift; sourceTree = "<group>"; };
		4676FD8D22C48B1E00BEF137 /* CallingCodes.plist */ = {isa = PBXFileReference; fileEncoding = 4; lastKnownFileType = text.plist.xml; path = CallingCodes.plist; sourceTree = "<group>"; };
		4676FD9122C48B8A00BEF137 /* Country.swift */ = {isa = PBXFileReference; fileEncoding = 4; lastKnownFileType = sourcecode.swift; path = Country.swift; sourceTree = "<group>"; };
		4676FD9322C48B9000BEF137 /* CountryPicker.swift */ = {isa = PBXFileReference; fileEncoding = 4; lastKnownFileType = sourcecode.swift; path = CountryPicker.swift; sourceTree = "<group>"; };
		4676FD9722C48BC300BEF137 /* assets.bundle */ = {isa = PBXFileReference; lastKnownFileType = "wrapper.plug-in"; path = assets.bundle; sourceTree = "<group>"; };
		4676FD9B22C4912400BEF137 /* String.swift */ = {isa = PBXFileReference; lastKnownFileType = sourcecode.swift; path = String.swift; sourceTree = "<group>"; };
		4676FD9D22C4914C00BEF137 /* Date.swift */ = {isa = PBXFileReference; lastKnownFileType = sourcecode.swift; path = Date.swift; sourceTree = "<group>"; };
		4676FD9F22C4916700BEF137 /* Double.swift */ = {isa = PBXFileReference; lastKnownFileType = sourcecode.swift; path = Double.swift; sourceTree = "<group>"; };
		4676FDA122C4919D00BEF137 /* Array.swift */ = {isa = PBXFileReference; lastKnownFileType = sourcecode.swift; path = Array.swift; sourceTree = "<group>"; };
		468B061E22CC84FB000C8492 /* AuthenticationPresenter.swift */ = {isa = PBXFileReference; lastKnownFileType = sourcecode.swift; path = AuthenticationPresenter.swift; sourceTree = "<group>"; };
		468B062122CC8A0B000C8492 /* View.swift */ = {isa = PBXFileReference; lastKnownFileType = sourcecode.swift; path = View.swift; sourceTree = "<group>"; };
		468B062622CCB1D2000C8492 /* Base */ = {isa = PBXFileReference; lastKnownFileType = file.xib; name = Base; path = Base.lproj/View.xib; sourceTree = "<group>"; };
		46B5ABE622C371A3002430FC /* DemoProject.app */ = {isa = PBXFileReference; explicitFileType = wrapper.application; includeInIndex = 0; path = DemoProject.app; sourceTree = BUILT_PRODUCTS_DIR; };
		46B5ABE922C371A3002430FC /* AppDelegate.swift */ = {isa = PBXFileReference; lastKnownFileType = sourcecode.swift; path = AppDelegate.swift; sourceTree = "<group>"; };
		46B5ABEB22C371A3002430FC /* ViewController.swift */ = {isa = PBXFileReference; lastKnownFileType = sourcecode.swift; path = ViewController.swift; sourceTree = "<group>"; };
		46B5ABEE22C371A3002430FC /* Base */ = {isa = PBXFileReference; lastKnownFileType = file.storyboard; name = Base; path = Base.lproj/Main.storyboard; sourceTree = "<group>"; };
		46B5ABF022C371A4002430FC /* Assets.xcassets */ = {isa = PBXFileReference; lastKnownFileType = folder.assetcatalog; path = Assets.xcassets; sourceTree = "<group>"; };
		46B5ABF322C371A4002430FC /* Base */ = {isa = PBXFileReference; lastKnownFileType = file.storyboard; name = Base; path = Base.lproj/LaunchScreen.storyboard; sourceTree = "<group>"; };
		46B5ABF522C371A4002430FC /* Info.plist */ = {isa = PBXFileReference; lastKnownFileType = text.plist.xml; path = Info.plist; sourceTree = "<group>"; };
		46B5AC0222C374E5002430FC /* Constants.swift */ = {isa = PBXFileReference; lastKnownFileType = sourcecode.swift; path = Constants.swift; sourceTree = "<group>"; };
		46B5AC0422C37515002430FC /* Network.swift */ = {isa = PBXFileReference; lastKnownFileType = sourcecode.swift; path = Network.swift; sourceTree = "<group>"; };
		46B5AC0622C376F9002430FC /* UIViewController.swift */ = {isa = PBXFileReference; lastKnownFileType = sourcecode.swift; path = UIViewController.swift; sourceTree = "<group>"; };
		46B5AC0822C37798002430FC /* UIView.swift */ = {isa = PBXFileReference; lastKnownFileType = sourcecode.swift; path = UIView.swift; sourceTree = "<group>"; };
		46B5AC0A22C37842002430FC /* Indicator.swift */ = {isa = PBXFileReference; lastKnownFileType = sourcecode.swift; path = Indicator.swift; sourceTree = "<group>"; };
		49A82A552A7B1D569E905E26 /* Pods-DemoProject.debug.xcconfig */ = {isa = PBXFileReference; includeInIndex = 1; lastKnownFileType = text.xcconfig; name = "Pods-DemoProject.debug.xcconfig"; path = "Target Support Files/Pods-DemoProject/Pods-DemoProject.debug.xcconfig"; sourceTree = "<group>"; };
		D7FC4CA9A52D0BEC1CF3C832 /* Pods_DemoProject.framework */ = {isa = PBXFileReference; explicitFileType = wrapper.framework; includeInIndex = 0; path = Pods_DemoProject.framework; sourceTree = BUILT_PRODUCTS_DIR; };
/* End PBXFileReference section */

/* Begin PBXFrameworksBuildPhase section */
		46B5ABE322C371A3002430FC /* Frameworks */ = {
			isa = PBXFrameworksBuildPhase;
			buildActionMask = 2147483647;
			files = (
				B6F54CD58DFE0BB88C8F91FF /* Pods_DemoProject.framework in Frameworks */,
			);
			runOnlyForDeploymentPostprocessing = 0;
		};
/* End PBXFrameworksBuildPhase section */

/* Begin PBXGroup section */
		4676FD8222C48A2500BEF137 /* CountryPicker */ = {
			isa = PBXGroup;
			children = (
				4676FD9722C48BC300BEF137 /* assets.bundle */,
				4676FD9322C48B9000BEF137 /* CountryPicker.swift */,
				4676FD9122C48B8A00BEF137 /* Country.swift */,
				4676FD8D22C48B1E00BEF137 /* CallingCodes.plist */,
			);
			path = CountryPicker;
			sourceTree = "<group>";
		};
		468B062022CC89E9000C8492 /* CustomControls */ = {
			isa = PBXGroup;
			children = (
				468B062122CC8A0B000C8492 /* View.swift */,
				468B062722CCB1D2000C8492 /* View.xib */,
			);
			path = CustomControls;
			sourceTree = "<group>";
		};
		46B5ABDD22C371A3002430FC = {
			isa = PBXGroup;
			children = (
				46B5ABE822C371A3002430FC /* DemoProject */,
				46B5ABE722C371A3002430FC /* Products */,
				8063AF2864084C7FA0612288 /* Pods */,
				BFB5039DCE82B42B8E513761 /* Frameworks */,
			);
			sourceTree = "<group>";
		};
		46B5ABE722C371A3002430FC /* Products */ = {
			isa = PBXGroup;
			children = (
				46B5ABE622C371A3002430FC /* DemoProject.app */,
			);
			name = Products;
			sourceTree = "<group>";
		};
		46B5ABE822C371A3002430FC /* DemoProject */ = {
			isa = PBXGroup;
			children = (
				468B062022CC89E9000C8492 /* CustomControls */,
				4676FD8222C48A2500BEF137 /* CountryPicker */,
				46B5ABE922C371A3002430FC /* AppDelegate.swift */,
				46B5ABED22C371A3002430FC /* Main.storyboard */,
				46B5ABF022C371A4002430FC /* Assets.xcassets */,
				46B5ABF222C371A4002430FC /* LaunchScreen.storyboard */,
				46B5ABF522C371A4002430FC /* Info.plist */,
				46B5ABFB22C37453002430FC /* ViewControllers */,
				46B5ABFC22C37460002430FC /* Cells */,
				46B5ABFE22C3746E002430FC /* Presenters */,
				46B5ABFF22C37488002430FC /* Network */,
				46B5ABFD22C37467002430FC /* Models */,
				46B5AC0022C374C0002430FC /* Extensions */,
				46B5AC0122C374CB002430FC /* Utilities */,
			);
			path = DemoProject;
			sourceTree = "<group>";
		};
		46B5ABFB22C37453002430FC /* ViewControllers */ = {
			isa = PBXGroup;
			children = (
				46B5ABEB22C371A3002430FC /* ViewController.swift */,
			);
			path = ViewControllers;
			sourceTree = "<group>";
		};
		46B5ABFC22C37460002430FC /* Cells */ = {
			isa = PBXGroup;
			children = (
			);
			path = Cells;
			sourceTree = "<group>";
		};
		46B5ABFD22C37467002430FC /* Models */ = {
			isa = PBXGroup;
			children = (
			);
			path = Models;
			sourceTree = "<group>";
		};
		46B5ABFE22C3746E002430FC /* Presenters */ = {
			isa = PBXGroup;
			children = (
				468B061E22CC84FB000C8492 /* AuthenticationPresenter.swift */,
			);
			path = Presenters;
			sourceTree = "<group>";
		};
		46B5ABFF22C37488002430FC /* Network */ = {
			isa = PBXGroup;
			children = (
				46B5AC0422C37515002430FC /* Network.swift */,
			);
			path = Network;
			sourceTree = "<group>";
		};
		46B5AC0022C374C0002430FC /* Extensions */ = {
			isa = PBXGroup;
			children = (
				46B5AC0622C376F9002430FC /* UIViewController.swift */,
				46B5AC0822C37798002430FC /* UIView.swift */,
				4676FD7322C47A1F00BEF137 /* UITextField.swift */,
				4676FD9B22C4912400BEF137 /* String.swift */,
				4676FD9D22C4914C00BEF137 /* Date.swift */,
				4676FD9F22C4916700BEF137 /* Double.swift */,
				4676FDA122C4919D00BEF137 /* Array.swift */,
			);
			path = Extensions;
			sourceTree = "<group>";
		};
		46B5AC0122C374CB002430FC /* Utilities */ = {
			isa = PBXGroup;
			children = (
				46B5AC0222C374E5002430FC /* Constants.swift */,
				46B5AC0A22C37842002430FC /* Indicator.swift */,
				4676FD7522C4879E00BEF137 /* MyUserDefaults.swift */,
			);
			path = Utilities;
			sourceTree = "<group>";
		};
		8063AF2864084C7FA0612288 /* Pods */ = {
			isa = PBXGroup;
			children = (
				49A82A552A7B1D569E905E26 /* Pods-DemoProject.debug.xcconfig */,
				1BD2AA785BD26229ED357862 /* Pods-DemoProject.release.xcconfig */,
			);
			path = Pods;
			sourceTree = "<group>";
		};
		BFB5039DCE82B42B8E513761 /* Frameworks */ = {
			isa = PBXGroup;
			children = (
				D7FC4CA9A52D0BEC1CF3C832 /* Pods_DemoProject.framework */,
			);
			name = Frameworks;
			sourceTree = "<group>";
		};
/* End PBXGroup section */

/* Begin PBXNativeTarget section */
		46B5ABE522C371A3002430FC /* DemoProject */ = {
			isa = PBXNativeTarget;
			buildConfigurationList = 46B5ABF822C371A4002430FC /* Build configuration list for PBXNativeTarget "DemoProject" */;
			buildPhases = (
				5FA896651B1FBB665687708B /* [CP] Check Pods Manifest.lock */,
				46B5ABE222C371A3002430FC /* Sources */,
				46B5ABE322C371A3002430FC /* Frameworks */,
				46B5ABE422C371A3002430FC /* Resources */,
				24B70E56034A7FFB3FF7F8A3 /* [CP] Embed Pods Frameworks */,
			);
			buildRules = (
			);
			dependencies = (
			);
			name = DemoProject;
			productName = DemoProject;
			productReference = 46B5ABE622C371A3002430FC /* DemoProject.app */;
			productType = "com.apple.product-type.application";
		};
/* End PBXNativeTarget section */

/* Begin PBXProject section */
		46B5ABDE22C371A3002430FC /* Project object */ = {
			isa = PBXProject;
			attributes = {
				LastSwiftUpdateCheck = 1020;
				LastUpgradeCheck = 1020;
				ORGANIZATIONNAME = Aquib;
				TargetAttributes = {
					46B5ABE522C371A3002430FC = {
						CreatedOnToolsVersion = 10.2;
					};
				};
			};
			buildConfigurationList = 46B5ABE122C371A3002430FC /* Build configuration list for PBXProject "DemoProject" */;
			compatibilityVersion = "Xcode 9.3";
			developmentRegion = en;
			hasScannedForEncodings = 0;
			knownRegions = (
				en,
				Base,
			);
			mainGroup = 46B5ABDD22C371A3002430FC;
			productRefGroup = 46B5ABE722C371A3002430FC /* Products */;
			projectDirPath = "";
			projectRoot = "";
			targets = (
				46B5ABE522C371A3002430FC /* DemoProject */,
			);
		};
/* End PBXProject section */

/* Begin PBXResourcesBuildPhase section */
		46B5ABE422C371A3002430FC /* Resources */ = {
			isa = PBXResourcesBuildPhase;
			buildActionMask = 2147483647;
			files = (
				4676FD8E22C48B1E00BEF137 /* CallingCodes.plist in Resources */,
				4676FD9822C48BC300BEF137 /* assets.bundle in Resources */,
				46B5ABF422C371A4002430FC /* LaunchScreen.storyboard in Resources */,
				46B5ABF122C371A4002430FC /* Assets.xcassets in Resources */,
				468B062522CCB1D2000C8492 /* View.xib in Resources */,
				46B5ABEF22C371A3002430FC /* Main.storyboard in Resources */,
			);
			runOnlyForDeploymentPostprocessing = 0;
		};
/* End PBXResourcesBuildPhase section */

/* Begin PBXShellScriptBuildPhase section */
		24B70E56034A7FFB3FF7F8A3 /* [CP] Embed Pods Frameworks */ = {
			isa = PBXShellScriptBuildPhase;
			buildActionMask = 2147483647;
			files = (
			);
			inputFileListPaths = (
				"${PODS_ROOT}/Target Support Files/Pods-DemoProject/Pods-DemoProject-frameworks-${CONFIGURATION}-input-files.xcfilelist",
			);
			name = "[CP] Embed Pods Frameworks";
			outputFileListPaths = (
				"${PODS_ROOT}/Target Support Files/Pods-DemoProject/Pods-DemoProject-frameworks-${CONFIGURATION}-output-files.xcfilelist",
			);
			runOnlyForDeploymentPostprocessing = 0;
			shellPath = /bin/sh;
			shellScript = "\"${PODS_ROOT}/Target Support Files/Pods-DemoProject/Pods-DemoProject-frameworks.sh\"\n";
			showEnvVarsInLog = 0;
		};
		5FA896651B1FBB665687708B /* [CP] Check Pods Manifest.lock */ = {
			isa = PBXShellScriptBuildPhase;
			buildActionMask = 2147483647;
			files = (
			);
			inputFileListPaths = (
			);
			inputPaths = (
				"${PODS_PODFILE_DIR_PATH}/Podfile.lock",
				"${PODS_ROOT}/Manifest.lock",
			);
			name = "[CP] Check Pods Manifest.lock";
			outputFileListPaths = (
			);
			outputPaths = (
				"$(DERIVED_FILE_DIR)/Pods-DemoProject-checkManifestLockResult.txt",
			);
			runOnlyForDeploymentPostprocessing = 0;
			shellPath = /bin/sh;
			shellScript = "diff \"${PODS_PODFILE_DIR_PATH}/Podfile.lock\" \"${PODS_ROOT}/Manifest.lock\" > /dev/null\nif [ $? != 0 ] ; then\n    # print error to STDERR\n    echo \"error: The sandbox is not in sync with the Podfile.lock. Run 'pod install' or update your CocoaPods installation.\" >&2\n    exit 1\nfi\n# This output is used by Xcode 'outputs' to avoid re-running this script phase.\necho \"SUCCESS\" > \"${SCRIPT_OUTPUT_FILE_0}\"\n";
			showEnvVarsInLog = 0;
		};
/* End PBXShellScriptBuildPhase section */

/* Begin PBXSourcesBuildPhase section */
		46B5ABE222C371A3002430FC /* Sources */ = {
			isa = PBXSourcesBuildPhase;
			buildActionMask = 2147483647;
			files = (
				468B061F22CC84FB000C8492 /* AuthenticationPresenter.swift in Sources */,
				46B5ABEC22C371A3002430FC /* ViewController.swift in Sources */,
				46B5AC0B22C37842002430FC /* Indicator.swift in Sources */,
				46B5ABEA22C371A3002430FC /* AppDelegate.swift in Sources */,
				468B062222CC8A0B000C8492 /* View.swift in Sources */,
				4676FD9222C48B8A00BEF137 /* Country.swift in Sources */,
				4676FD9422C48B9000BEF137 /* CountryPicker.swift in Sources */,
				4676FD7622C4879E00BEF137 /* MyUserDefaults.swift in Sources */,
				4676FDA222C4919D00BEF137 /* Array.swift in Sources */,
				4676FDA022C4916700BEF137 /* Double.swift in Sources */,
				4676FD9C22C4912400BEF137 /* String.swift in Sources */,
				4676FD7422C47A1F00BEF137 /* UITextField.swift in Sources */,
				46B5AC0522C37515002430FC /* Network.swift in Sources */,
				46B5AC0322C374E5002430FC /* Constants.swift in Sources */,
				46B5AC0922C37798002430FC /* UIView.swift in Sources */,
				4676FD9E22C4914C00BEF137 /* Date.swift in Sources */,
				46B5AC0722C376F9002430FC /* UIViewController.swift in Sources */,
			);
			runOnlyForDeploymentPostprocessing = 0;
		};
/* End PBXSourcesBuildPhase section */

/* Begin PBXVariantGroup section */
		468B062722CCB1D2000C8492 /* View.xib */ = {
			isa = PBXVariantGroup;
			children = (
				468B062622CCB1D2000C8492 /* Base */,
			);
			name = View.xib;
			sourceTree = "<group>";
			usesTabs = 0;
		};
		46B5ABED22C371A3002430FC /* Main.storyboard */ = {
			isa = PBXVariantGroup;
			children = (
				46B5ABEE22C371A3002430FC /* Base */,
			);
			name = Main.storyboard;
			sourceTree = "<group>";
		};
		46B5ABF222C371A4002430FC /* LaunchScreen.storyboard */ = {
			isa = PBXVariantGroup;
			children = (
				46B5ABF322C371A4002430FC /* Base */,
			);
			name = LaunchScreen.storyboard;
			sourceTree = "<group>";
		};
/* End PBXVariantGroup section */

/* Begin XCBuildConfiguration section */
		46B5ABF622C371A4002430FC /* Debug */ = {
			isa = XCBuildConfiguration;
			buildSettings = {
				ALWAYS_SEARCH_USER_PATHS = NO;
				CLANG_ANALYZER_LOCALIZABILITY_NONLOCALIZED = YES;
				CLANG_ANALYZER_NONNULL = YES;
				CLANG_ANALYZER_NUMBER_OBJECT_CONVERSION = YES_AGGRESSIVE;
				CLANG_CXX_LANGUAGE_STANDARD = "gnu++14";
				CLANG_CXX_LIBRARY = "libc++";
				CLANG_ENABLE_MODULES = YES;
				CLANG_ENABLE_OBJC_ARC = YES;
				CLANG_ENABLE_OBJC_WEAK = YES;
				CLANG_WARN_BLOCK_CAPTURE_AUTORELEASING = YES;
				CLANG_WARN_BOOL_CONVERSION = YES;
				CLANG_WARN_COMMA = YES;
				CLANG_WARN_CONSTANT_CONVERSION = YES;
				CLANG_WARN_DEPRECATED_OBJC_IMPLEMENTATIONS = YES;
				CLANG_WARN_DIRECT_OBJC_ISA_USAGE = YES_ERROR;
				CLANG_WARN_DOCUMENTATION_COMMENTS = YES;
				CLANG_WARN_EMPTY_BODY = YES;
				CLANG_WARN_ENUM_CONVERSION = YES;
				CLANG_WARN_INFINITE_RECURSION = YES;
				CLANG_WARN_INT_CONVERSION = YES;
				CLANG_WARN_NON_LITERAL_NULL_CONVERSION = YES;
				CLANG_WARN_OBJC_IMPLICIT_RETAIN_SELF = YES;
				CLANG_WARN_OBJC_LITERAL_CONVERSION = YES;
				CLANG_WARN_OBJC_ROOT_CLASS = YES_ERROR;
				CLANG_WARN_RANGE_LOOP_ANALYSIS = YES;
				CLANG_WARN_STRICT_PROTOTYPES = YES;
				CLANG_WARN_SUSPICIOUS_MOVE = YES;
				CLANG_WARN_UNGUARDED_AVAILABILITY = YES_AGGRESSIVE;
				CLANG_WARN_UNREACHABLE_CODE = YES;
				CLANG_WARN__DUPLICATE_METHOD_MATCH = YES;
				CODE_SIGN_IDENTITY = "iPhone Developer";
				COPY_PHASE_STRIP = NO;
				DEBUG_INFORMATION_FORMAT = dwarf;
				ENABLE_STRICT_OBJC_MSGSEND = YES;
				ENABLE_TESTABILITY = YES;
				GCC_C_LANGUAGE_STANDARD = gnu11;
				GCC_DYNAMIC_NO_PIC = NO;
				GCC_NO_COMMON_BLOCKS = YES;
				GCC_OPTIMIZATION_LEVEL = 0;
				GCC_PREPROCESSOR_DEFINITIONS = (
					"DEBUG=1",
					"$(inherited)",
				);
				GCC_WARN_64_TO_32_BIT_CONVERSION = YES;
				GCC_WARN_ABOUT_RETURN_TYPE = YES_ERROR;
				GCC_WARN_UNDECLARED_SELECTOR = YES;
				GCC_WARN_UNINITIALIZED_AUTOS = YES_AGGRESSIVE;
				GCC_WARN_UNUSED_FUNCTION = YES;
				GCC_WARN_UNUSED_VARIABLE = YES;
				IPHONEOS_DEPLOYMENT_TARGET = 11.1;
				MTL_ENABLE_DEBUG_INFO = INCLUDE_SOURCE;
				MTL_FAST_MATH = YES;
				ONLY_ACTIVE_ARCH = YES;
				SDKROOT = iphoneos;
				SWIFT_ACTIVE_COMPILATION_CONDITIONS = DEBUG;
				SWIFT_OPTIMIZATION_LEVEL = "-Onone";
			};
			name = Debug;
		};
		46B5ABF722C371A4002430FC /* Release */ = {
			isa = XCBuildConfiguration;
			buildSettings = {
				ALWAYS_SEARCH_USER_PATHS = NO;
				CLANG_ANALYZER_LOCALIZABILITY_NONLOCALIZED = YES;
				CLANG_ANALYZER_NONNULL = YES;
				CLANG_ANALYZER_NUMBER_OBJECT_CONVERSION = YES_AGGRESSIVE;
				CLANG_CXX_LANGUAGE_STANDARD = "gnu++14";
				CLANG_CXX_LIBRARY = "libc++";
				CLANG_ENABLE_MODULES = YES;
				CLANG_ENABLE_OBJC_ARC = YES;
				CLANG_ENABLE_OBJC_WEAK = YES;
				CLANG_WARN_BLOCK_CAPTURE_AUTORELEASING = YES;
				CLANG_WARN_BOOL_CONVERSION = YES;
				CLANG_WARN_COMMA = YES;
				CLANG_WARN_CONSTANT_CONVERSION = YES;
				CLANG_WARN_DEPRECATED_OBJC_IMPLEMENTATIONS = YES;
				CLANG_WARN_DIRECT_OBJC_ISA_USAGE = YES_ERROR;
				CLANG_WARN_DOCUMENTATION_COMMENTS = YES;
				CLANG_WARN_EMPTY_BODY = YES;
				CLANG_WARN_ENUM_CONVERSION = YES;
				CLANG_WARN_INFINITE_RECURSION = YES;
				CLANG_WARN_INT_CONVERSION = YES;
				CLANG_WARN_NON_LITERAL_NULL_CONVERSION = YES;
				CLANG_WARN_OBJC_IMPLICIT_RETAIN_SELF = YES;
				CLANG_WARN_OBJC_LITERAL_CONVERSION = YES;
				CLANG_WARN_OBJC_ROOT_CLASS = YES_ERROR;
				CLANG_WARN_RANGE_LOOP_ANALYSIS = YES;
				CLANG_WARN_STRICT_PROTOTYPES = YES;
				CLANG_WARN_SUSPICIOUS_MOVE = YES;
				CLANG_WARN_UNGUARDED_AVAILABILITY = YES_AGGRESSIVE;
				CLANG_WARN_UNREACHABLE_CODE = YES;
				CLANG_WARN__DUPLICATE_METHOD_MATCH = YES;
				CODE_SIGN_IDENTITY = "iPhone Developer";
				COPY_PHASE_STRIP = NO;
				DEBUG_INFORMATION_FORMAT = "dwarf-with-dsym";
				ENABLE_NS_ASSERTIONS = NO;
				ENABLE_STRICT_OBJC_MSGSEND = YES;
				GCC_C_LANGUAGE_STANDARD = gnu11;
				GCC_NO_COMMON_BLOCKS = YES;
				GCC_WARN_64_TO_32_BIT_CONVERSION = YES;
				GCC_WARN_ABOUT_RETURN_TYPE = YES_ERROR;
				GCC_WARN_UNDECLARED_SELECTOR = YES;
				GCC_WARN_UNINITIALIZED_AUTOS = YES_AGGRESSIVE;
				GCC_WARN_UNUSED_FUNCTION = YES;
				GCC_WARN_UNUSED_VARIABLE = YES;
				IPHONEOS_DEPLOYMENT_TARGET = 11.1;
				MTL_ENABLE_DEBUG_INFO = NO;
				MTL_FAST_MATH = YES;
				SDKROOT = iphoneos;
				SWIFT_COMPILATION_MODE = wholemodule;
				SWIFT_OPTIMIZATION_LEVEL = "-O";
				VALIDATE_PRODUCT = YES;
			};
			name = Release;
		};
		46B5ABF922C371A4002430FC /* Debug */ = {
			isa = XCBuildConfiguration;
			baseConfigurationReference = 49A82A552A7B1D569E905E26 /* Pods-DemoProject.debug.xcconfig */;
			buildSettings = {
				ASSETCATALOG_COMPILER_APPICON_NAME = AppIcon;
				CODE_SIGN_STYLE = Automatic;
				INFOPLIST_FILE = DemoProject/Info.plist;
				LD_RUNPATH_SEARCH_PATHS = (
					"$(inherited)",
					"@executable_path/Frameworks",
				);
				PRODUCT_BUNDLE_IDENTIFIER = slinfy.DemoProject;
				PRODUCT_NAME = "$(TARGET_NAME)";
				SWIFT_VERSION = 5.0;
				TARGETED_DEVICE_FAMILY = "1,2";
			};
			name = Debug;
		};
		46B5ABFA22C371A4002430FC /* Release */ = {
			isa = XCBuildConfiguration;
			baseConfigurationReference = 1BD2AA785BD26229ED357862 /* Pods-DemoProject.release.xcconfig */;
			buildSettings = {
				ASSETCATALOG_COMPILER_APPICON_NAME = AppIcon;
				CODE_SIGN_STYLE = Automatic;
				INFOPLIST_FILE = DemoProject/Info.plist;
				LD_RUNPATH_SEARCH_PATHS = (
					"$(inherited)",
					"@executable_path/Frameworks",
				);
				PRODUCT_BUNDLE_IDENTIFIER = slinfy.DemoProject;
				PRODUCT_NAME = "$(TARGET_NAME)";
				SWIFT_VERSION = 5.0;
				TARGETED_DEVICE_FAMILY = "1,2";
			};
			name = Release;
		};
/* End XCBuildConfiguration section */

/* Begin XCConfigurationList section */
		46B5ABE122C371A3002430FC /* Build configuration list for PBXProject "DemoProject" */ = {
			isa = XCConfigurationList;
			buildConfigurations = (
				46B5ABF622C371A4002430FC /* Debug */,
				46B5ABF722C371A4002430FC /* Release */,
			);
			defaultConfigurationIsVisible = 0;
			defaultConfigurationName = Release;
		};
		46B5ABF822C371A4002430FC /* Build configuration list for PBXNativeTarget "DemoProject" */ = {
			isa = XCConfigurationList;
			buildConfigurations = (
				46B5ABF922C371A4002430FC /* Debug */,
				46B5ABFA22C371A4002430FC /* Release */,
			);
			defaultConfigurationIsVisible = 0;
			defaultConfigurationName = Release;
		};
/* End XCConfigurationList section */
	};
	rootObject = 46B5ABDE22C371A3002430FC /* Project object */;
}
